
Microsoft Visual Studio Solution File, Format Version 12.00
# Visual Studio 15
VisualStudioVersion = 15.0.28307.168
MinimumVisualStudioVersion = 10.0.40219.1
Project("{9A19103F-16F7-4668-BE54-9A1E7A4F7556}") = "TestApiWatson", "TestApiWatson\TestApiWatson.csproj", "{45020A9D-3A4C-469C-A386-13F8A97EAB0D}"
EndProject
Project("{2150E333-8FDC-42A3-9474-1A3956D46DE8}") = "1 - Host", "1 - Host", "{B1A8B8AD-7C69-4BE8-BFC1-315A56694356}"
EndProject
Project("{2150E333-8FDC-42A3-9474-1A3956D46DE8}") = "4 - Infra", "4 - Infra", "{9A204F2B-4621-4A20-B72D-374141568D38}"
EndProject
Project("{9A19103F-16F7-4668-BE54-9A1E7A4F7556}") = "TestApiWatson.Infra.CrossCutting.IoC", "..\..\4 - Infra\2 - CrossCutting\TestApiWatson.Infra.CrossCutting.IoC\TestApiWatson.Infra.CrossCutting.IoC.csproj", "{CD5DB64B-B428-4AAC-9B28-B2E9CCED321F}"
EndProject
Project("{2150E333-8FDC-42A3-9474-1A3956D46DE8}") = "1 - Data", "1 - Data", "{4FE1A064-C619-4D94-AE61-2F08DDD00FA8}"
EndProject
Project("{2150E333-8FDC-42A3-9474-1A3956D46DE8}") = "2 - CrossCutting", "2 - CrossCutting", "{101D8451-9596-4ECC-9F54-007EBB3F700D}"
EndProject
Project("{FAE04EC0-301F-11D3-BF4B-00C04F79EFBC}") = "TesteApiWatson.Infra.Data.ServiceAgent", "..\..\4 - Infra\1 - Data\TesteApiWatson.Infra.Data.ServiceAgent\TesteApiWatson.Infra.Data.ServiceAgent.csproj", "{7E2723CF-4698-4DC0-A488-DEFA2FE9821F}"
EndProject
Project("{2150E333-8FDC-42A3-9474-1A3956D46DE8}") = "5 - Shared", "5 - Shared", "{97F6C98A-D639-43BB-A71F-ACBB3DB7A07C}"
EndProject
Project("{FAE04EC0-301F-11D3-BF4B-00C04F79EFBC}") = "TestApiWatson.Shared.Util", "TestApiWatson.Shared.Util\TestApiWatson.Shared.Util.csproj", "{5C30C154-5BD0-4265-B856-3EE29257F918}"
EndProject
Global
	GlobalSection(SolutionConfigurationPlatforms) = preSolution
		Debug|Any CPU = Debug|Any CPU
		Release|Any CPU = Release|Any CPU
	EndGlobalSection
	GlobalSection(ProjectConfigurationPlatforms) = postSolution
		{45020A9D-3A4C-469C-A386-13F8A97EAB0D}.Debug|Any CPU.ActiveCfg = Debug|Any CPU
		{45020A9D-3A4C-469C-A386-13F8A97EAB0D}.Debug|Any CPU.Build.0 = Debug|Any CPU
		{45020A9D-3A4C-469C-A386-13F8A97EAB0D}.Release|Any CPU.ActiveCfg = Release|Any CPU
		{45020A9D-3A4C-469C-A386-13F8A97EAB0D}.Release|Any CPU.Build.0 = Release|Any CPU
		{CD5DB64B-B428-4AAC-9B28-B2E9CCED321F}.Debug|Any CPU.ActiveCfg = Debug|Any CPU
		{CD5DB64B-B428-4AAC-9B28-B2E9CCED321F}.Debug|Any CPU.Build.0 = Debug|Any CPU
		{CD5DB64B-B428-4AAC-9B28-B2E9CCED321F}.Release|Any CPU.ActiveCfg = Release|Any CPU
		{CD5DB64B-B428-4AAC-9B28-B2E9CCED321F}.Release|Any CPU.Build.0 = Release|Any CPU
		{7E2723CF-4698-4DC0-A488-DEFA2FE9821F}.Debug|Any CPU.ActiveCfg = Debug|Any CPU
		{7E2723CF-4698-4DC0-A488-DEFA2FE9821F}.Debug|Any CPU.Build.0 = Debug|Any CPU
		{7E2723CF-4698-4DC0-A488-DEFA2FE9821F}.Release|Any CPU.ActiveCfg = Release|Any CPU
		{7E2723CF-4698-4DC0-A488-DEFA2FE9821F}.Release|Any CPU.Build.0 = Release|Any CPU
		{5C30C154-5BD0-4265-B856-3EE29257F918}.Debug|Any CPU.ActiveCfg = Debug|Any CPU
		{5C30C154-5BD0-4265-B856-3EE29257F918}.Debug|Any CPU.Build.0 = Debug|Any CPU
		{5C30C154-5BD0-4265-B856-3EE29257F918}.Release|Any CPU.ActiveCfg = Release|Any CPU
		{5C30C154-5BD0-4265-B856-3EE29257F918}.Release|Any CPU.Build.0 = Release|Any CPU
	EndGlobalSection
	GlobalSection(SolutionProperties) = preSolution
		HideSolutionNode = FALSE
	EndGlobalSection
	GlobalSection(NestedProjects) = preSolution
		{45020A9D-3A4C-469C-A386-13F8A97EAB0D} = {B1A8B8AD-7C69-4BE8-BFC1-315A56694356}
		{CD5DB64B-B428-4AAC-9B28-B2E9CCED321F} = {101D8451-9596-4ECC-9F54-007EBB3F700D}
		{4FE1A064-C619-4D94-AE61-2F08DDD00FA8} = {9A204F2B-4621-4A20-B72D-374141568D38}
		{101D8451-9596-4ECC-9F54-007EBB3F700D} = {9A204F2B-4621-4A20-B72D-374141568D38}
		{7E2723CF-4698-4DC0-A488-DEFA2FE9821F} = {4FE1A064-C619-4D94-AE61-2F08DDD00FA8}
		{5C30C154-5BD0-4265-B856-3EE29257F918} = {97F6C98A-D639-43BB-A71F-ACBB3DB7A07C}
	EndGlobalSection
	GlobalSection(ExtensibilityGlobals) = postSolution
		SolutionGuid = {F0D2D55D-F636-4675-BAE6-33BDCCC0EBA2}
	EndGlobalSection
EndGlobal
